// !$*UTF8*$!
{
	archiveVersion = 1;
	classes = {
	};
	objectVersion = 56;
	objects = {

/* Begin PBXBuildFile section */
		7ECD49462BA05B600008A1BB /* EmojiArtApp.swift in Sources */ = {isa = PBXBuildFile; fileRef = 7ECD49452BA05B600008A1BB /* EmojiArtApp.swift */; };
		7ECD49482BA05B600008A1BB /* ContentView.swift in Sources */ = {isa = PBXBuildFile; fileRef = 7ECD49472BA05B600008A1BB /* ContentView.swift */; };
		7ECD494A2BA05B630008A1BB /* Assets.xcassets in Resources */ = {isa = PBXBuildFile; fileRef = 7ECD49492BA05B630008A1BB /* Assets.xcassets */; };
		7ECD494D2BA05B630008A1BB /* Preview Assets.xcassets in Resources */ = {isa = PBXBuildFile; fileRef = 7ECD494C2BA05B630008A1BB /* Preview Assets.xcassets */; };
		7ECD49542BA05C640008A1BB /* EmojiArt.swift in Sources */ = {isa = PBXBuildFile; fileRef = 7ECD49532BA05C640008A1BB /* EmojiArt.swift */; };
		7ECD49562BA05D480008A1BB /* EmojiArtDocument.swift in Sources */ = {isa = PBXBuildFile; fileRef = 7ECD49552BA05D480008A1BB /* EmojiArtDocument.swift */; };
		7ECD49582BA05E7E0008A1BB /* EmojiArtDocumentView.swift in Sources */ = {isa = PBXBuildFile; fileRef = 7ECD49572BA05E7E0008A1BB /* EmojiArtDocumentView.swift */; };
		7ECD495A2BA060B20008A1BB /* Extensions.swift in Sources */ = {isa = PBXBuildFile; fileRef = 7ECD49592BA060B20008A1BB /* Extensions.swift */; };
		7ECD495C2BA169860008A1BB /* Sturldata.swift in Sources */ = {isa = PBXBuildFile; fileRef = 7ECD495B2BA169860008A1BB /* Sturldata.swift */; };
		7ECD495E2BA17F310008A1BB /* Palette.swift in Sources */ = {isa = PBXBuildFile; fileRef = 7ECD495D2BA17F310008A1BB /* Palette.swift */; };
		7ECD49602BA1809A0008A1BB /* PaletteStore.swift in Sources */ = {isa = PBXBuildFile; fileRef = 7ECD495F2BA1809A0008A1BB /* PaletteStore.swift */; };
		7ECD49622BA1B4EC0008A1BB /* PaletteChooser.swift in Sources */ = {isa = PBXBuildFile; fileRef = 7ECD49612BA1B4EC0008A1BB /* PaletteChooser.swift */; };
		7ECD49642BA29A320008A1BB /* PaletteEditor.swift in Sources */ = {isa = PBXBuildFile; fileRef = 7ECD49632BA29A320008A1BB /* PaletteEditor.swift */; };
		7ECD49662BA2B88A0008A1BB /* PaletteList.swift in Sources */ = {isa = PBXBuildFile; fileRef = 7ECD49652BA2B88A0008A1BB /* PaletteList.swift */; };
		7ECD49682BA2C2AF0008A1BB /* PaletteManager.swift in Sources */ = {isa = PBXBuildFile; fileRef = 7ECD49672BA2C2AF0008A1BB /* PaletteManager.swift */; };
/* End PBXBuildFile section */

/* Begin PBXFileReference section */
		7ECD49422BA05B600008A1BB /* EmojiArt.app */ = {isa = PBXFileReference; explicitFileType = wrapper.application; includeInIndex = 0; path = EmojiArt.app; sourceTree = BUILT_PRODUCTS_DIR; };
		7ECD49452BA05B600008A1BB /* EmojiArtApp.swift */ = {isa = PBXFileReference; lastKnownFileType = sourcecode.swift; path = EmojiArtApp.swift; sourceTree = "<group>"; };
		7ECD49472BA05B600008A1BB /* ContentView.swift */ = {isa = PBXFileReference; lastKnownFileType = sourcecode.swift; path = ContentView.swift; sourceTree = "<group>"; };
		7ECD49492BA05B630008A1BB /* Assets.xcassets */ = {isa = PBXFileReference; lastKnownFileType = folder.assetcatalog; path = Assets.xcassets; sourceTree = "<group>"; };
		7ECD494C2BA05B630008A1BB /* Preview Assets.xcassets */ = {isa = PBXFileReference; lastKnownFileType = folder.assetcatalog; path = "Preview Assets.xcassets"; sourceTree = "<group>"; };
		7ECD49532BA05C640008A1BB /* EmojiArt.swift */ = {isa = PBXFileReference; lastKnownFileType = sourcecode.swift; path = EmojiArt.swift; sourceTree = "<group>"; };
		7ECD49552BA05D480008A1BB /* EmojiArtDocument.swift */ = {isa = PBXFileReference; lastKnownFileType = sourcecode.swift; path = EmojiArtDocument.swift; sourceTree = "<group>"; };
		7ECD49572BA05E7E0008A1BB /* EmojiArtDocumentView.swift */ = {isa = PBXFileReference; lastKnownFileType = sourcecode.swift; path = EmojiArtDocumentView.swift; sourceTree = "<group>"; };
		7ECD49592BA060B20008A1BB /* Extensions.swift */ = {isa = PBXFileReference; lastKnownFileType = sourcecode.swift; path = Extensions.swift; sourceTree = "<group>"; };
		7ECD495B2BA169860008A1BB /* Sturldata.swift */ = {isa = PBXFileReference; lastKnownFileType = sourcecode.swift; path = Sturldata.swift; sourceTree = "<group>"; };
		7ECD495D2BA17F310008A1BB /* Palette.swift */ = {isa = PBXFileReference; lastKnownFileType = sourcecode.swift; path = Palette.swift; sourceTree = "<group>"; };
		7ECD495F2BA1809A0008A1BB /* PaletteStore.swift */ = {isa = PBXFileReference; lastKnownFileType = sourcecode.swift; path = PaletteStore.swift; sourceTree = "<group>"; };
		7ECD49612BA1B4EC0008A1BB /* PaletteChooser.swift */ = {isa = PBXFileReference; lastKnownFileType = sourcecode.swift; path = PaletteChooser.swift; sourceTree = "<group>"; };
		7ECD49632BA29A320008A1BB /* PaletteEditor.swift */ = {isa = PBXFileReference; lastKnownFileType = sourcecode.swift; path = PaletteEditor.swift; sourceTree = "<group>"; };
		7ECD49652BA2B88A0008A1BB /* PaletteList.swift */ = {isa = PBXFileReference; lastKnownFileType = sourcecode.swift; path = PaletteList.swift; sourceTree = "<group>"; };
		7ECD49672BA2C2AF0008A1BB /* PaletteManager.swift */ = {isa = PBXFileReference; lastKnownFileType = sourcecode.swift; path = PaletteManager.swift; sourceTree = "<group>"; };
		7ECD49692BA3320B0008A1BB /* Info.plist */ = {isa = PBXFileReference; lastKnownFileType = text.plist; path = Info.plist; sourceTree = "<group>"; };
/* End PBXFileReference section */

/* Begin PBXFrameworksBuildPhase section */
		7ECD493F2BA05B600008A1BB /* Frameworks */ = {
			isa = PBXFrameworksBuildPhase;
			buildActionMask = 2147483647;
			files = (
			);
			runOnlyForDeploymentPostprocessing = 0;
		};
/* End PBXFrameworksBuildPhase section */

/* Begin PBXGroup section */
		7ECD49392BA05B600008A1BB = {
			isa = PBXGroup;
			children = (
				7ECD49442BA05B600008A1BB /* EmojiArt */,
				7ECD49432BA05B600008A1BB /* Products */,
			);
			sourceTree = "<group>";
		};
		7ECD49432BA05B600008A1BB /* Products */ = {
			isa = PBXGroup;
			children = (
				7ECD49422BA05B600008A1BB /* EmojiArt.app */,
			);
			name = Products;
			sourceTree = "<group>";
		};
		7ECD49442BA05B600008A1BB /* EmojiArt */ = {
			isa = PBXGroup;
			children = (
				7ECD49692BA3320B0008A1BB /* Info.plist */,
				7ECD49452BA05B600008A1BB /* EmojiArtApp.swift */,
				7ECD49552BA05D480008A1BB /* EmojiArtDocument.swift */,
				7ECD49472BA05B600008A1BB /* ContentView.swift */,
				7ECD49672BA2C2AF0008A1BB /* PaletteManager.swift */,
				7ECD49572BA05E7E0008A1BB /* EmojiArtDocumentView.swift */,
				7ECD49612BA1B4EC0008A1BB /* PaletteChooser.swift */,
				7ECD49652BA2B88A0008A1BB /* PaletteList.swift */,
				7ECD49632BA29A320008A1BB /* PaletteEditor.swift */,
				7ECD495D2BA17F310008A1BB /* Palette.swift */,
				7ECD495F2BA1809A0008A1BB /* PaletteStore.swift */,
				7ECD49532BA05C640008A1BB /* EmojiArt.swift */,
				7ECD495B2BA169860008A1BB /* Sturldata.swift */,
				7ECD49592BA060B20008A1BB /* Extensions.swift */,
				7ECD49492BA05B630008A1BB /* Assets.xcassets */,
				7ECD494B2BA05B630008A1BB /* Preview Content */,
			);
			path = EmojiArt;
			sourceTree = "<group>";
		};
		7ECD494B2BA05B630008A1BB /* Preview Content */ = {
			isa = PBXGroup;
			children = (
				7ECD494C2BA05B630008A1BB /* Preview Assets.xcassets */,
			);
			path = "Preview Content";
			sourceTree = "<group>";
		};
/* End PBXGroup section */

/* Begin PBXNativeTarget section */
		7ECD49412BA05B600008A1BB /* EmojiArt */ = {
			isa = PBXNativeTarget;
			buildConfigurationList = 7ECD49502BA05B630008A1BB /* Build configuration list for PBXNativeTarget "EmojiArt" */;
			buildPhases = (
				7ECD493E2BA05B600008A1BB /* Sources */,
				7ECD493F2BA05B600008A1BB /* Frameworks */,
				7ECD49402BA05B600008A1BB /* Resources */,
			);
			buildRules = (
			);
			dependencies = (
			);
			name = EmojiArt;
			productName = EmojiArt;
			productReference = 7ECD49422BA05B600008A1BB /* EmojiArt.app */;
			productType = "com.apple.product-type.application";
		};
/* End PBXNativeTarget section */

/* Begin PBXProject section */
		7ECD493A2BA05B600008A1BB /* Project object */ = {
			isa = PBXProject;
			attributes = {
				BuildIndependentTargetsInParallel = 1;
				LastSwiftUpdateCheck = 1530;
				LastUpgradeCheck = 1530;
				TargetAttributes = {
					7ECD49412BA05B600008A1BB = {
						CreatedOnToolsVersion = 15.3;
					};
				};
			};
			buildConfigurationList = 7ECD493D2BA05B600008A1BB /* Build configuration list for PBXProject "EmojiArt" */;
			compatibilityVersion = "Xcode 14.0";
			developmentRegion = en;
			hasScannedForEncodings = 0;
			knownRegions = (
				en,
				Base,
			);
			mainGroup = 7ECD49392BA05B600008A1BB;
			productRefGroup = 7ECD49432BA05B600008A1BB /* Products */;
			projectDirPath = "";
			projectRoot = "";
			targets = (
				7ECD49412BA05B600008A1BB /* EmojiArt */,
			);
		};
/* End PBXProject section */

/* Begin PBXResourcesBuildPhase section */
		7ECD49402BA05B600008A1BB /* Resources */ = {
			isa = PBXResourcesBuildPhase;
			buildActionMask = 2147483647;
			files = (
				7ECD494D2BA05B630008A1BB /* Preview Assets.xcassets in Resources */,
				7ECD494A2BA05B630008A1BB /* Assets.xcassets in Resources */,
			);
			runOnlyForDeploymentPostprocessing = 0;
		};
/* End PBXResourcesBuildPhase section */

/* Begin PBXSourcesBuildPhase section */
		7ECD493E2BA05B600008A1BB /* Sources */ = {
			isa = PBXSourcesBuildPhase;
			buildActionMask = 2147483647;
			files = (
				7ECD49682BA2C2AF0008A1BB /* PaletteManager.swift in Sources */,
				7ECD495C2BA169860008A1BB /* Sturldata.swift in Sources */,
				7ECD49582BA05E7E0008A1BB /* EmojiArtDocumentView.swift in Sources */,
				7ECD495A2BA060B20008A1BB /* Extensions.swift in Sources */,
				7ECD49662BA2B88A0008A1BB /* PaletteList.swift in Sources */,
				7ECD49542BA05C640008A1BB /* EmojiArt.swift in Sources */,
				7ECD49602BA1809A0008A1BB /* PaletteStore.swift in Sources */,
				7ECD49482BA05B600008A1BB /* ContentView.swift in Sources */,
				7ECD49642BA29A320008A1BB /* PaletteEditor.swift in Sources */,
				7ECD49462BA05B600008A1BB /* EmojiArtApp.swift in Sources */,
				7ECD49562BA05D480008A1BB /* EmojiArtDocument.swift in Sources */,
				7ECD495E2BA17F310008A1BB /* Palette.swift in Sources */,
				7ECD49622BA1B4EC0008A1BB /* PaletteChooser.swift in Sources */,
			);
			runOnlyForDeploymentPostprocessing = 0;
		};
/* End PBXSourcesBuildPhase section */

/* Begin XCBuildConfiguration section */
		7ECD494E2BA05B630008A1BB /* Debug */ = {
			isa = XCBuildConfiguration;
			buildSettings = {
				ALWAYS_SEARCH_USER_PATHS = NO;
				ASSETCATALOG_COMPILER_GENERATE_SWIFT_ASSET_SYMBOL_EXTENSIONS = YES;
				CLANG_ANALYZER_NONNULL = YES;
				CLANG_ANALYZER_NUMBER_OBJECT_CONVERSION = YES_AGGRESSIVE;
				CLANG_CXX_LANGUAGE_STANDARD = "gnu++20";
				CLANG_ENABLE_MODULES = YES;
				CLANG_ENABLE_OBJC_ARC = YES;
				CLANG_ENABLE_OBJC_WEAK = YES;
				CLANG_WARN_BLOCK_CAPTURE_AUTORELEASING = YES;
				CLANG_WARN_BOOL_CONVERSION = YES;
				CLANG_WARN_COMMA = YES;
				CLANG_WARN_CONSTANT_CONVERSION = YES;
				CLANG_WARN_DEPRECATED_OBJC_IMPLEMENTATIONS = YES;
				CLANG_WARN_DIRECT_OBJC_ISA_USAGE = YES_ERROR;
				CLANG_WARN_DOCUMENTATION_COMMENTS = YES;
				CLANG_WARN_EMPTY_BODY = YES;
				CLANG_WARN_ENUM_CONVERSION = YES;
				CLANG_WARN_INFINITE_RECURSION = YES;
				CLANG_WARN_INT_CONVERSION = YES;
				CLANG_WARN_NON_LITERAL_NULL_CONVERSION = YES;
				CLANG_WARN_OBJC_IMPLICIT_RETAIN_SELF = YES;
				CLANG_WARN_OBJC_LITERAL_CONVERSION = YES;
				CLANG_WARN_OBJC_ROOT_CLASS = YES_ERROR;
				CLANG_WARN_QUOTED_INCLUDE_IN_FRAMEWORK_HEADER = YES;
				CLANG_WARN_RANGE_LOOP_ANALYSIS = YES;
				CLANG_WARN_STRICT_PROTOTYPES = YES;
				CLANG_WARN_SUSPICIOUS_MOVE = YES;
				CLANG_WARN_UNGUARDED_AVAILABILITY = YES_AGGRESSIVE;
				CLANG_WARN_UNREACHABLE_CODE = YES;
				CLANG_WARN__DUPLICATE_METHOD_MATCH = YES;
				COPY_PHASE_STRIP = NO;
				DEBUG_INFORMATION_FORMAT = dwarf;
				ENABLE_STRICT_OBJC_MSGSEND = YES;
				ENABLE_TESTABILITY = YES;
				ENABLE_USER_SCRIPT_SANDBOXING = YES;
				GCC_C_LANGUAGE_STANDARD = gnu17;
				GCC_DYNAMIC_NO_PIC = NO;
				GCC_NO_COMMON_BLOCKS = YES;
				GCC_OPTIMIZATION_LEVEL = 0;
				GCC_PREPROCESSOR_DEFINITIONS = (
					"DEBUG=1",
					"$(inherited)",
				);
				GCC_WARN_64_TO_32_BIT_CONVERSION = YES;
				GCC_WARN_ABOUT_RETURN_TYPE = YES_ERROR;
				GCC_WARN_UNDECLARED_SELECTOR = YES;
				GCC_WARN_UNINITIALIZED_AUTOS = YES_AGGRESSIVE;
				GCC_WARN_UNUSED_FUNCTION = YES;
				GCC_WARN_UNUSED_VARIABLE = YES;
				IPHONEOS_DEPLOYMENT_TARGET = 17.4;
				LOCALIZATION_PREFERS_STRING_CATALOGS = YES;
				MTL_ENABLE_DEBUG_INFO = INCLUDE_SOURCE;
				MTL_FAST_MATH = YES;
				ONLY_ACTIVE_ARCH = YES;
				SDKROOT = iphoneos;
				SWIFT_ACTIVE_COMPILATION_CONDITIONS = "DEBUG $(inherited)";
				SWIFT_OPTIMIZATION_LEVEL = "-Onone";
			};
			name = Debug;
		};
		7ECD494F2BA05B630008A1BB /* Release */ = {
			isa = XCBuildConfiguration;
			buildSettings = {
				ALWAYS_SEARCH_USER_PATHS = NO;
				ASSETCATALOG_COMPILER_GENERATE_SWIFT_ASSET_SYMBOL_EXTENSIONS = YES;
				CLANG_ANALYZER_NONNULL = YES;
				CLANG_ANALYZER_NUMBER_OBJECT_CONVERSION = YES_AGGRESSIVE;
				CLANG_CXX_LANGUAGE_STANDARD = "gnu++20";
				CLANG_ENABLE_MODULES = YES;
				CLANG_ENABLE_OBJC_ARC = YES;
				CLANG_ENABLE_OBJC_WEAK = YES;
				CLANG_WARN_BLOCK_CAPTURE_AUTORELEASING = YES;
				CLANG_WARN_BOOL_CONVERSION = YES;
				CLANG_WARN_COMMA = YES;
				CLANG_WARN_CONSTANT_CONVERSION = YES;
				CLANG_WARN_DEPRECATED_OBJC_IMPLEMENTATIONS = YES;
				CLANG_WARN_DIRECT_OBJC_ISA_USAGE = YES_ERROR;
				CLANG_WARN_DOCUMENTATION_COMMENTS = YES;
				CLANG_WARN_EMPTY_BODY = YES;
				CLANG_WARN_ENUM_CONVERSION = YES;
				CLANG_WARN_INFINITE_RECURSION = YES;
				CLANG_WARN_INT_CONVERSION = YES;
				CLANG_WARN_NON_LITERAL_NULL_CONVERSION = YES;
				CLANG_WARN_OBJC_IMPLICIT_RETAIN_SELF = YES;
				CLANG_WARN_OBJC_LITERAL_CONVERSION = YES;
				CLANG_WARN_OBJC_ROOT_CLASS = YES_ERROR;
				CLANG_WARN_QUOTED_INCLUDE_IN_FRAMEWORK_HEADER = YES;
				CLANG_WARN_RANGE_LOOP_ANALYSIS = YES;
				CLANG_WARN_STRICT_PROTOTYPES = YES;
				CLANG_WARN_SUSPICIOUS_MOVE = YES;
				CLANG_WARN_UNGUARDED_AVAILABILITY = YES_AGGRESSIVE;
				CLANG_WARN_UNREACHABLE_CODE = YES;
				CLANG_WARN__DUPLICATE_METHOD_MATCH = YES;
				COPY_PHASE_STRIP = NO;
				DEBUG_INFORMATION_FORMAT = "dwarf-with-dsym";
				ENABLE_NS_ASSERTIONS = NO;
				ENABLE_STRICT_OBJC_MSGSEND = YES;
				ENABLE_USER_SCRIPT_SANDBOXING = YES;
				GCC_C_LANGUAGE_STANDARD = gnu17;
				GCC_NO_COMMON_BLOCKS = YES;
				GCC_WARN_64_TO_32_BIT_CONVERSION = YES;
				GCC_WARN_ABOUT_RETURN_TYPE = YES_ERROR;
				GCC_WARN_UNDECLARED_SELECTOR = YES;
				GCC_WARN_UNINITIALIZED_AUTOS = YES_AGGRESSIVE;
				GCC_WARN_UNUSED_FUNCTION = YES;
				GCC_WARN_UNUSED_VARIABLE = YES;
				IPHONEOS_DEPLOYMENT_TARGET = 17.4;
				LOCALIZATION_PREFERS_STRING_CATALOGS = YES;
				MTL_ENABLE_DEBUG_INFO = NO;
				MTL_FAST_MATH = YES;
				SDKROOT = iphoneos;
				SWIFT_COMPILATION_MODE = wholemodule;
				VALIDATE_PRODUCT = YES;
			};
			name = Release;
		};
		7ECD49512BA05B630008A1BB /* Debug */ = {
			isa = XCBuildConfiguration;
			buildSettings = {
				ASSETCATALOG_COMPILER_APPICON_NAME = AppIcon;
				ASSETCATALOG_COMPILER_GLOBAL_ACCENT_COLOR_NAME = AccentColor;
				CODE_SIGN_STYLE = Automatic;
				CURRENT_PROJECT_VERSION = 1;
				DEVELOPMENT_ASSET_PATHS = "\"EmojiArt/Preview Content\"";
				DEVELOPMENT_TEAM = 9H3TCWBF8K;
				ENABLE_PREVIEWS = YES;
				GENERATE_INFOPLIST_FILE = YES;
				INFOPLIST_FILE = EmojiArt/Info.plist;
				INFOPLIST_KEY_UIApplicationSceneManifest_Generation = YES;
				INFOPLIST_KEY_UIApplicationSupportsIndirectInputEvents = YES;
				INFOPLIST_KEY_UILaunchScreen_Generation = YES;
				INFOPLIST_KEY_UISupportedInterfaceOrientations_iPad = "UIInterfaceOrientationPortrait UIInterfaceOrientationPortraitUpsideDown UIInterfaceOrientationLandscapeLeft UIInterfaceOrientationLandscapeRight";
				INFOPLIST_KEY_UISupportedInterfaceOrientations_iPhone = "UIInterfaceOrientationPortrait UIInterfaceOrientationLandscapeLeft UIInterfaceOrientationLandscapeRight";
				INFOPLIST_KEY_UISupportsDocumentBrowser = YES;
				LD_RUNPATH_SEARCH_PATHS = (
					"$(inherited)",
					"@executable_path/Frameworks",
				);
				MARKETING_VERSION = 1.0;
				PRODUCT_BUNDLE_IDENTIFIER = tokyo.randx.portfolio.ios.EmojiArt;
				PRODUCT_NAME = "$(TARGET_NAME)";
				SWIFT_EMIT_LOC_STRINGS = YES;
				SWIFT_VERSION = 5.0;
				TARGETED_DEVICE_FAMILY = "1,2";
			};
			name = Debug;
		};
		7ECD49522BA05B630008A1BB /* Release */ = {
			isa = XCBuildConfiguration;
			buildSettings = {
				ASSETCATALOG_COMPILER_APPICON_NAME = AppIcon;
				ASSETCATALOG_COMPILER_GLOBAL_ACCENT_COLOR_NAME = AccentColor;
				CODE_SIGN_STYLE = Automatic;
				CURRENT_PROJECT_VERSION = 1;
				DEVELOPMENT_ASSET_PATHS = "\"EmojiArt/Preview Content\"";
				DEVELOPMENT_TEAM = 9H3TCWBF8K;
				ENABLE_PREVIEWS = YES;
				GENERATE_INFOPLIST_FILE = YES;
				INFOPLIST_FILE = EmojiArt/Info.plist;
				INFOPLIST_KEY_UIApplicationSceneManifest_Generation = YES;
				INFOPLIST_KEY_UIApplicationSupportsIndirectInputEvents = YES;
				INFOPLIST_KEY_UILaunchScreen_Generation = YES;
				INFOPLIST_KEY_UISupportedInterfaceOrientations_iPad = "UIInterfaceOrientationPortrait UIInterfaceOrientationPortraitUpsideDown UIInterfaceOrientationLandscapeLeft UIInterfaceOrientationLandscapeRight";
				INFOPLIST_KEY_UISupportedInterfaceOrientations_iPhone = "UIInterfaceOrientationPortrait UIInterfaceOrientationLandscapeLeft UIInterfaceOrientationLandscapeRight";
				INFOPLIST_KEY_UISupportsDocumentBrowser = YES;
				LD_RUNPATH_SEARCH_PATHS = (
					"$(inherited)",
					"@executable_path/Frameworks",
				);
				MARKETING_VERSION = 1.0;
				PRODUCT_BUNDLE_IDENTIFIER = tokyo.randx.portfolio.ios.EmojiArt;
				PRODUCT_NAME = "$(TARGET_NAME)";
				SWIFT_EMIT_LOC_STRINGS = YES;
				SWIFT_VERSION = 5.0;
				TARGETED_DEVICE_FAMILY = "1,2";
			};
			name = Release;
		};
/* End XCBuildConfiguration section */

/* Begin XCConfigurationList section */
		7ECD493D2BA05B600008A1BB /* Build configuration list for PBXProject "EmojiArt" */ = {
			isa = XCConfigurationList;
			buildConfigurations = (
				7ECD494E2BA05B630008A1BB /* Debug */,
				7ECD494F2BA05B630008A1BB /* Release */,
			);
			defaultConfigurationIsVisible = 0;
			defaultConfigurationName = Release;
		};
		7ECD49502BA05B630008A1BB /* Build configuration list for PBXNativeTarget "EmojiArt" */ = {
			isa = XCConfigurationList;
			buildConfigurations = (
				7ECD49512BA05B630008A1BB /* Debug */,
				7ECD49522BA05B630008A1BB /* Release */,
			);
			defaultConfigurationIsVisible = 0;
			defaultConfigurationName = Release;
		};
/* End XCConfigurationList section */
	};
	rootObject = 7ECD493A2BA05B600008A1BB /* Project object */;
}
